// !$*UTF8*$!
{
	archiveVersion = 1;
	classes = {
	};
	objectVersion = 46;
	objects = {

/* Begin PBXBuildFile section */
		780864611DBB85E8006FB2F6 /* DateFormatter.swift in Sources */ = {isa = PBXBuildFile; fileRef = 780864601DBB85E8006FB2F6 /* DateFormatter.swift */; };
		780864661DBBB440006FB2F6 /* Entry+CoreDataClass.swift in Sources */ = {isa = PBXBuildFile; fileRef = 780864621DBBB440006FB2F6 /* Entry+CoreDataClass.swift */; };
		780864671DBBB440006FB2F6 /* Entry+CoreDataProperties.swift in Sources */ = {isa = PBXBuildFile; fileRef = 780864631DBBB440006FB2F6 /* Entry+CoreDataProperties.swift */; };
		780864681DBBB440006FB2F6 /* Location+CoreDataClass.swift in Sources */ = {isa = PBXBuildFile; fileRef = 780864641DBBB440006FB2F6 /* Location+CoreDataClass.swift */; };
		780864691DBBB440006FB2F6 /* Location+CoreDataProperties.swift in Sources */ = {isa = PBXBuildFile; fileRef = 780864651DBBB440006FB2F6 /* Location+CoreDataProperties.swift */; };
		7808646F1DBBD821006FB2F6 /* SAMTextView.m in Sources */ = {isa = PBXBuildFile; fileRef = 7808646E1DBBD821006FB2F6 /* SAMTextView.m */; };
		78195DE41DB3F5A200EAC28A /* AppDelegate.swift in Sources */ = {isa = PBXBuildFile; fileRef = 78195DE31DB3F5A200EAC28A /* AppDelegate.swift */; };
		78195DE91DB3F5A200EAC28A /* Main.storyboard in Resources */ = {isa = PBXBuildFile; fileRef = 78195DE71DB3F5A200EAC28A /* Main.storyboard */; };
		78195DEC1DB3F5A200EAC28A /* My_Diary.xcdatamodeld in Sources */ = {isa = PBXBuildFile; fileRef = 78195DEA1DB3F5A200EAC28A /* My_Diary.xcdatamodeld */; };
		78195DEE1DB3F5A200EAC28A /* Assets.xcassets in Resources */ = {isa = PBXBuildFile; fileRef = 78195DED1DB3F5A200EAC28A /* Assets.xcassets */; };
		78195DF11DB3F5A200EAC28A /* LaunchScreen.storyboard in Resources */ = {isa = PBXBuildFile; fileRef = 78195DEF1DB3F5A200EAC28A /* LaunchScreen.storyboard */; };
		78195DFC1DB3F5A200EAC28A /* My_DiaryTests.swift in Sources */ = {isa = PBXBuildFile; fileRef = 78195DFB1DB3F5A200EAC28A /* My_DiaryTests.swift */; };
		78195E071DB3F62400EAC28A /* EntryDetailViewController.swift in Sources */ = {isa = PBXBuildFile; fileRef = 78195E061DB3F62300EAC28A /* EntryDetailViewController.swift */; };
		78195E091DB3F63100EAC28A /* EntryTableViewController.swift in Sources */ = {isa = PBXBuildFile; fileRef = 78195E081DB3F63100EAC28A /* EntryTableViewController.swift */; };
		78195E0B1DB3F64E00EAC28A /* EntryCell.swift in Sources */ = {isa = PBXBuildFile; fileRef = 78195E0A1DB3F64E00EAC28A /* EntryCell.swift */; };
		784E659D1DC40C4F00AA3048 /* MapKit.framework in Frameworks */ = {isa = PBXBuildFile; fileRef = 784E659C1DC40C4F00AA3048 /* MapKit.framework */; };
		787EC1BF1DBB7CA7000E744E /* CoreDataManager.swift in Sources */ = {isa = PBXBuildFile; fileRef = 787EC1BE1DBB7CA7000E744E /* CoreDataManager.swift */; };
		789133DF1DC3F27B008B0F9E /* LocationManager.swift in Sources */ = {isa = PBXBuildFile; fileRef = 789133DE1DC3F27B008B0F9E /* LocationManager.swift */; };
		78A6ED521DBBDDC800CF7C28 /* AlertManager.swift in Sources */ = {isa = PBXBuildFile; fileRef = 78A6ED511DBBDDC800CF7C28 /* AlertManager.swift */; };
/* End PBXBuildFile section */

/* Begin PBXContainerItemProxy section */
		78195DF81DB3F5A200EAC28A /* PBXContainerItemProxy */ = {
			isa = PBXContainerItemProxy;
			containerPortal = 78195DD81DB3F5A200EAC28A /* Project object */;
			proxyType = 1;
			remoteGlobalIDString = 78195DDF1DB3F5A200EAC28A;
			remoteInfo = "My Diary";
		};
/* End PBXContainerItemProxy section */

/* Begin PBXFileReference section */
		780864601DBB85E8006FB2F6 /* DateFormatter.swift */ = {isa = PBXFileReference; fileEncoding = 4; lastKnownFileType = sourcecode.swift; path = DateFormatter.swift; sourceTree = "<group>"; };
		780864621DBBB440006FB2F6 /* Entry+CoreDataClass.swift */ = {isa = PBXFileReference; fileEncoding = 4; lastKnownFileType = sourcecode.swift; path = "Entry+CoreDataClass.swift"; sourceTree = "<group>"; };
		780864631DBBB440006FB2F6 /* Entry+CoreDataProperties.swift */ = {isa = PBXFileReference; fileEncoding = 4; lastKnownFileType = sourcecode.swift; path = "Entry+CoreDataProperties.swift"; sourceTree = "<group>"; };
		780864641DBBB440006FB2F6 /* Location+CoreDataClass.swift */ = {isa = PBXFileReference; fileEncoding = 4; lastKnownFileType = sourcecode.swift; path = "Location+CoreDataClass.swift"; sourceTree = "<group>"; };
		780864651DBBB440006FB2F6 /* Location+CoreDataProperties.swift */ = {isa = PBXFileReference; fileEncoding = 4; lastKnownFileType = sourcecode.swift; path = "Location+CoreDataProperties.swift"; sourceTree = "<group>"; };
		7808646C1DBBD821006FB2F6 /* My Diary-Bridging-Header.h */ = {isa = PBXFileReference; lastKnownFileType = sourcecode.c.h; path = "My Diary-Bridging-Header.h"; sourceTree = "<group>"; };
		7808646D1DBBD821006FB2F6 /* SAMTextView.h */ = {isa = PBXFileReference; fileEncoding = 4; lastKnownFileType = sourcecode.c.h; path = SAMTextView.h; sourceTree = "<group>"; };
		7808646E1DBBD821006FB2F6 /* SAMTextView.m */ = {isa = PBXFileReference; fileEncoding = 4; lastKnownFileType = sourcecode.c.objc; path = SAMTextView.m; sourceTree = "<group>"; };
		78195DE01DB3F5A200EAC28A /* My Diary.app */ = {isa = PBXFileReference; explicitFileType = wrapper.application; includeInIndex = 0; path = "My Diary.app"; sourceTree = BUILT_PRODUCTS_DIR; };
		78195DE31DB3F5A200EAC28A /* AppDelegate.swift */ = {isa = PBXFileReference; lastKnownFileType = sourcecode.swift; path = AppDelegate.swift; sourceTree = "<group>"; };
		78195DE81DB3F5A200EAC28A /* Base */ = {isa = PBXFileReference; lastKnownFileType = file.storyboard; name = Base; path = Base.lproj/Main.storyboard; sourceTree = "<group>"; };
		78195DEB1DB3F5A200EAC28A /* My_Diary.xcdatamodel */ = {isa = PBXFileReference; lastKnownFileType = wrapper.xcdatamodel; path = My_Diary.xcdatamodel; sourceTree = "<group>"; };
		78195DED1DB3F5A200EAC28A /* Assets.xcassets */ = {isa = PBXFileReference; lastKnownFileType = folder.assetcatalog; path = Assets.xcassets; sourceTree = "<group>"; };
		78195DF01DB3F5A200EAC28A /* Base */ = {isa = PBXFileReference; lastKnownFileType = file.storyboard; name = Base; path = Base.lproj/LaunchScreen.storyboard; sourceTree = "<group>"; };
		78195DF21DB3F5A200EAC28A /* Info.plist */ = {isa = PBXFileReference; lastKnownFileType = text.plist.xml; path = Info.plist; sourceTree = "<group>"; };
		78195DF71DB3F5A200EAC28A /* My DiaryTests.xctest */ = {isa = PBXFileReference; explicitFileType = wrapper.cfbundle; includeInIndex = 0; path = "My DiaryTests.xctest"; sourceTree = BUILT_PRODUCTS_DIR; };
		78195DFB1DB3F5A200EAC28A /* My_DiaryTests.swift */ = {isa = PBXFileReference; lastKnownFileType = sourcecode.swift; path = My_DiaryTests.swift; sourceTree = "<group>"; };
		78195DFD1DB3F5A200EAC28A /* Info.plist */ = {isa = PBXFileReference; lastKnownFileType = text.plist.xml; path = Info.plist; sourceTree = "<group>"; };
		78195E061DB3F62300EAC28A /* EntryDetailViewController.swift */ = {isa = PBXFileReference; fileEncoding = 4; lastKnownFileType = sourcecode.swift; path = EntryDetailViewController.swift; sourceTree = "<group>"; };
		78195E081DB3F63100EAC28A /* EntryTableViewController.swift */ = {isa = PBXFileReference; fileEncoding = 4; lastKnownFileType = sourcecode.swift; path = EntryTableViewController.swift; sourceTree = "<group>"; };
		78195E0A1DB3F64E00EAC28A /* EntryCell.swift */ = {isa = PBXFileReference; fileEncoding = 4; lastKnownFileType = sourcecode.swift; path = EntryCell.swift; sourceTree = "<group>"; };
		784E659C1DC40C4F00AA3048 /* MapKit.framework */ = {isa = PBXFileReference; lastKnownFileType = wrapper.framework; name = MapKit.framework; path = System/Library/Frameworks/MapKit.framework; sourceTree = SDKROOT; };
		787EC1BE1DBB7CA7000E744E /* CoreDataManager.swift */ = {isa = PBXFileReference; fileEncoding = 4; lastKnownFileType = sourcecode.swift; path = CoreDataManager.swift; sourceTree = "<group>"; };
		789133DE1DC3F27B008B0F9E /* LocationManager.swift */ = {isa = PBXFileReference; fileEncoding = 4; lastKnownFileType = sourcecode.swift; path = LocationManager.swift; sourceTree = "<group>"; };
		78A6ED511DBBDDC800CF7C28 /* AlertManager.swift */ = {isa = PBXFileReference; fileEncoding = 4; lastKnownFileType = sourcecode.swift; path = AlertManager.swift; sourceTree = "<group>"; };
/* End PBXFileReference section */

/* Begin PBXFrameworksBuildPhase section */
		78195DDD1DB3F5A200EAC28A /* Frameworks */ = {
			isa = PBXFrameworksBuildPhase;
			buildActionMask = 2147483647;
			files = (
				784E659D1DC40C4F00AA3048 /* MapKit.framework in Frameworks */,
			);
			runOnlyForDeploymentPostprocessing = 0;
		};
		78195DF41DB3F5A200EAC28A /* Frameworks */ = {
			isa = PBXFrameworksBuildPhase;
			buildActionMask = 2147483647;
			files = (
			);
			runOnlyForDeploymentPostprocessing = 0;
		};
/* End PBXFrameworksBuildPhase section */

/* Begin PBXGroup section */
		780864701DBBD886006FB2F6 /* 3rd Party */ = {
			isa = PBXGroup;
			children = (
				7808646D1DBBD821006FB2F6 /* SAMTextView.h */,
				7808646E1DBBD821006FB2F6 /* SAMTextView.m */,
				7808646C1DBBD821006FB2F6 /* My Diary-Bridging-Header.h */,
			);
			name = "3rd Party";
			sourceTree = "<group>";
		};
		78195DD71DB3F5A200EAC28A = {
			isa = PBXGroup;
			children = (
				78195DE21DB3F5A200EAC28A /* My Diary */,
				78195DFA1DB3F5A200EAC28A /* My DiaryTests */,
				78195DE11DB3F5A200EAC28A /* Products */,
				784E659B1DC40C4F00AA3048 /* Frameworks */,
			);
			sourceTree = "<group>";
		};
		78195DE11DB3F5A200EAC28A /* Products */ = {
			isa = PBXGroup;
			children = (
				78195DE01DB3F5A200EAC28A /* My Diary.app */,
				78195DF71DB3F5A200EAC28A /* My DiaryTests.xctest */,
			);
			name = Products;
			sourceTree = "<group>";
		};
		78195DE21DB3F5A200EAC28A /* My Diary */ = {
			isa = PBXGroup;
			children = (
				78195DE31DB3F5A200EAC28A /* AppDelegate.swift */,
				787EC1C91DBB7EC4000E744E /* View Controllers */,
				787EC1C81DBB7EBA000E744E /* Core Data Model */,
				789133DE1DC3F27B008B0F9E /* LocationManager.swift */,
				780864601DBB85E8006FB2F6 /* DateFormatter.swift */,
				78A6ED511DBBDDC800CF7C28 /* AlertManager.swift */,
				78195DE71DB3F5A200EAC28A /* Main.storyboard */,
				78195DED1DB3F5A200EAC28A /* Assets.xcassets */,
				78195DEF1DB3F5A200EAC28A /* LaunchScreen.storyboard */,
				78195DF21DB3F5A200EAC28A /* Info.plist */,
				78195DEA1DB3F5A200EAC28A /* My_Diary.xcdatamodeld */,
				780864701DBBD886006FB2F6 /* 3rd Party */,
			);
			path = "My Diary";
			sourceTree = "<group>";
		};
		78195DFA1DB3F5A200EAC28A /* My DiaryTests */ = {
			isa = PBXGroup;
			children = (
				78195DFB1DB3F5A200EAC28A /* My_DiaryTests.swift */,
				78195DFD1DB3F5A200EAC28A /* Info.plist */,
			);
			path = "My DiaryTests";
			sourceTree = "<group>";
		};
		784E659B1DC40C4F00AA3048 /* Frameworks */ = {
			isa = PBXGroup;
			children = (
				784E659C1DC40C4F00AA3048 /* MapKit.framework */,
			);
			name = Frameworks;
			sourceTree = "<group>";
		};
		787EC1C81DBB7EBA000E744E /* Core Data Model */ = {
			isa = PBXGroup;
			children = (
				787EC1BE1DBB7CA7000E744E /* CoreDataManager.swift */,
				780864621DBBB440006FB2F6 /* Entry+CoreDataClass.swift */,
				780864631DBBB440006FB2F6 /* Entry+CoreDataProperties.swift */,
				780864641DBBB440006FB2F6 /* Location+CoreDataClass.swift */,
				780864651DBBB440006FB2F6 /* Location+CoreDataProperties.swift */,
			);
			name = "Core Data Model";
			sourceTree = "<group>";
		};
		787EC1C91DBB7EC4000E744E /* View Controllers */ = {
			isa = PBXGroup;
			children = (
				78195E081DB3F63100EAC28A /* EntryTableViewController.swift */,
				78195E0A1DB3F64E00EAC28A /* EntryCell.swift */,
				78195E061DB3F62300EAC28A /* EntryDetailViewController.swift */,
			);
			name = "View Controllers";
			sourceTree = "<group>";
		};
/* End PBXGroup section */

/* Begin PBXNativeTarget section */
		78195DDF1DB3F5A200EAC28A /* My Diary */ = {
			isa = PBXNativeTarget;
			buildConfigurationList = 78195E001DB3F5A200EAC28A /* Build configuration list for PBXNativeTarget "My Diary" */;
			buildPhases = (
				78195DDC1DB3F5A200EAC28A /* Sources */,
				78195DDD1DB3F5A200EAC28A /* Frameworks */,
				78195DDE1DB3F5A200EAC28A /* Resources */,
			);
			buildRules = (
			);
			dependencies = (
			);
			name = "My Diary";
			productName = "My Diary";
			productReference = 78195DE01DB3F5A200EAC28A /* My Diary.app */;
			productType = "com.apple.product-type.application";
		};
		78195DF61DB3F5A200EAC28A /* My DiaryTests */ = {
			isa = PBXNativeTarget;
			buildConfigurationList = 78195E031DB3F5A200EAC28A /* Build configuration list for PBXNativeTarget "My DiaryTests" */;
			buildPhases = (
				78195DF31DB3F5A200EAC28A /* Sources */,
				78195DF41DB3F5A200EAC28A /* Frameworks */,
				78195DF51DB3F5A200EAC28A /* Resources */,
			);
			buildRules = (
			);
			dependencies = (
				78195DF91DB3F5A200EAC28A /* PBXTargetDependency */,
			);
			name = "My DiaryTests";
			productName = "My DiaryTests";
			productReference = 78195DF71DB3F5A200EAC28A /* My DiaryTests.xctest */;
			productType = "com.apple.product-type.bundle.unit-test";
		};
/* End PBXNativeTarget section */

/* Begin PBXProject section */
		78195DD81DB3F5A200EAC28A /* Project object */ = {
			isa = PBXProject;
			attributes = {
				LastSwiftUpdateCheck = 0800;
				LastUpgradeCheck = 0810;
				ORGANIZATIONNAME = "Dennis Parussini";
				TargetAttributes = {
					78195DDF1DB3F5A200EAC28A = {
						CreatedOnToolsVersion = 8.0;
						DevelopmentTeam = DEYT8Z7L38;
						LastSwiftMigration = 0800;
						ProvisioningStyle = Automatic;
					};
					78195DF61DB3F5A200EAC28A = {
						CreatedOnToolsVersion = 8.0;
						DevelopmentTeam = DEYT8Z7L38;
						ProvisioningStyle = Automatic;
						TestTargetID = 78195DDF1DB3F5A200EAC28A;
					};
				};
			};
			buildConfigurationList = 78195DDB1DB3F5A200EAC28A /* Build configuration list for PBXProject "My Diary" */;
			compatibilityVersion = "Xcode 3.2";
			developmentRegion = English;
			hasScannedForEncodings = 0;
			knownRegions = (
				en,
				Base,
			);
			mainGroup = 78195DD71DB3F5A200EAC28A;
			productRefGroup = 78195DE11DB3F5A200EAC28A /* Products */;
			projectDirPath = "";
			projectRoot = "";
			targets = (
				78195DDF1DB3F5A200EAC28A /* My Diary */,
				78195DF61DB3F5A200EAC28A /* My DiaryTests */,
			);
		};
/* End PBXProject section */

/* Begin PBXResourcesBuildPhase section */
		78195DDE1DB3F5A200EAC28A /* Resources */ = {
			isa = PBXResourcesBuildPhase;
			buildActionMask = 2147483647;
			files = (
				78195DF11DB3F5A200EAC28A /* LaunchScreen.storyboard in Resources */,
				78195DEE1DB3F5A200EAC28A /* Assets.xcassets in Resources */,
				78195DE91DB3F5A200EAC28A /* Main.storyboard in Resources */,
			);
			runOnlyForDeploymentPostprocessing = 0;
		};
		78195DF51DB3F5A200EAC28A /* Resources */ = {
			isa = PBXResourcesBuildPhase;
			buildActionMask = 2147483647;
			files = (
			);
			runOnlyForDeploymentPostprocessing = 0;
		};
/* End PBXResourcesBuildPhase section */

/* Begin PBXSourcesBuildPhase section */
		78195DDC1DB3F5A200EAC28A /* Sources */ = {
			isa = PBXSourcesBuildPhase;
			buildActionMask = 2147483647;
			files = (
				780864681DBBB440006FB2F6 /* Location+CoreDataClass.swift in Sources */,
				787EC1BF1DBB7CA7000E744E /* CoreDataManager.swift in Sources */,
				78195DEC1DB3F5A200EAC28A /* My_Diary.xcdatamodeld in Sources */,
				78195E0B1DB3F64E00EAC28A /* EntryCell.swift in Sources */,
				780864671DBBB440006FB2F6 /* Entry+CoreDataProperties.swift in Sources */,
				780864611DBB85E8006FB2F6 /* DateFormatter.swift in Sources */,
				78195E071DB3F62400EAC28A /* EntryDetailViewController.swift in Sources */,
				78195E091DB3F63100EAC28A /* EntryTableViewController.swift in Sources */,
				780864661DBBB440006FB2F6 /* Entry+CoreDataClass.swift in Sources */,
				78195DE41DB3F5A200EAC28A /* AppDelegate.swift in Sources */,
				789133DF1DC3F27B008B0F9E /* LocationManager.swift in Sources */,
				7808646F1DBBD821006FB2F6 /* SAMTextView.m in Sources */,
				78A6ED521DBBDDC800CF7C28 /* AlertManager.swift in Sources */,
				780864691DBBB440006FB2F6 /* Location+CoreDataProperties.swift in Sources */,
			);
			runOnlyForDeploymentPostprocessing = 0;
		};
		78195DF31DB3F5A200EAC28A /* Sources */ = {
			isa = PBXSourcesBuildPhase;
			buildActionMask = 2147483647;
			files = (
				78195DFC1DB3F5A200EAC28A /* My_DiaryTests.swift in Sources */,
			);
			runOnlyForDeploymentPostprocessing = 0;
		};
/* End PBXSourcesBuildPhase section */

/* Begin PBXTargetDependency section */
		78195DF91DB3F5A200EAC28A /* PBXTargetDependency */ = {
			isa = PBXTargetDependency;
			target = 78195DDF1DB3F5A200EAC28A /* My Diary */;
			targetProxy = 78195DF81DB3F5A200EAC28A /* PBXContainerItemProxy */;
		};
/* End PBXTargetDependency section */

/* Begin PBXVariantGroup section */
		78195DE71DB3F5A200EAC28A /* Main.storyboard */ = {
			isa = PBXVariantGroup;
			children = (
				78195DE81DB3F5A200EAC28A /* Base */,
			);
			name = Main.storyboard;
			sourceTree = "<group>";
		};
		78195DEF1DB3F5A200EAC28A /* LaunchScreen.storyboard */ = {
			isa = PBXVariantGroup;
			children = (
				78195DF01DB3F5A200EAC28A /* Base */,
			);
			name = LaunchScreen.storyboard;
			sourceTree = "<group>";
		};
/* End PBXVariantGroup section */

/* Begin XCBuildConfiguration section */
		78195DFE1DB3F5A200EAC28A /* Debug */ = {
			isa = XCBuildConfiguration;
			buildSettings = {
				ALWAYS_SEARCH_USER_PATHS = NO;
				CLANG_ANALYZER_NONNULL = YES;
				CLANG_CXX_LANGUAGE_STANDARD = "gnu++0x";
				CLANG_CXX_LIBRARY = "libc++";
				CLANG_ENABLE_MODULES = YES;
				CLANG_ENABLE_OBJC_ARC = YES;
				CLANG_WARN_BOOL_CONVERSION = YES;
				CLANG_WARN_CONSTANT_CONVERSION = YES;
				CLANG_WARN_DIRECT_OBJC_ISA_USAGE = YES_ERROR;
				CLANG_WARN_DOCUMENTATION_COMMENTS = YES;
				CLANG_WARN_EMPTY_BODY = YES;
				CLANG_WARN_ENUM_CONVERSION = YES;
				CLANG_WARN_INFINITE_RECURSION = YES;
				CLANG_WARN_INT_CONVERSION = YES;
				CLANG_WARN_OBJC_ROOT_CLASS = YES_ERROR;
				CLANG_WARN_SUSPICIOUS_MOVE = YES;
				CLANG_WARN_SUSPICIOUS_MOVES = YES;
				CLANG_WARN_UNREACHABLE_CODE = YES;
				CLANG_WARN__DUPLICATE_METHOD_MATCH = YES;
				"CODE_SIGN_IDENTITY[sdk=iphoneos*]" = "iPhone Developer";
				COPY_PHASE_STRIP = NO;
				DEBUG_INFORMATION_FORMAT = dwarf;
				ENABLE_STRICT_OBJC_MSGSEND = YES;
				ENABLE_TESTABILITY = YES;
				GCC_C_LANGUAGE_STANDARD = gnu99;
				GCC_DYNAMIC_NO_PIC = NO;
				GCC_NO_COMMON_BLOCKS = YES;
				GCC_OPTIMIZATION_LEVEL = 0;
				GCC_PREPROCESSOR_DEFINITIONS = (
					"DEBUG=1",
					"$(inherited)",
				);
				GCC_WARN_64_TO_32_BIT_CONVERSION = YES;
				GCC_WARN_ABOUT_RETURN_TYPE = YES_ERROR;
				GCC_WARN_UNDECLARED_SELECTOR = YES;
				GCC_WARN_UNINITIALIZED_AUTOS = YES_AGGRESSIVE;
				GCC_WARN_UNUSED_FUNCTION = YES;
				GCC_WARN_UNUSED_VARIABLE = YES;
				IPHONEOS_DEPLOYMENT_TARGET = 10.0;
				MTL_ENABLE_DEBUG_INFO = YES;
				ONLY_ACTIVE_ARCH = YES;
				SDKROOT = iphoneos;
				SWIFT_ACTIVE_COMPILATION_CONDITIONS = DEBUG;
				SWIFT_OPTIMIZATION_LEVEL = "-Onone";
				TARGETED_DEVICE_FAMILY = "1,2";
			};
			name = Debug;
		};
		78195DFF1DB3F5A200EAC28A /* Release */ = {
			isa = XCBuildConfiguration;
			buildSettings = {
				ALWAYS_SEARCH_USER_PATHS = NO;
				CLANG_ANALYZER_NONNULL = YES;
				CLANG_CXX_LANGUAGE_STANDARD = "gnu++0x";
				CLANG_CXX_LIBRARY = "libc++";
				CLANG_ENABLE_MODULES = YES;
				CLANG_ENABLE_OBJC_ARC = YES;
				CLANG_WARN_BOOL_CONVERSION = YES;
				CLANG_WARN_CONSTANT_CONVERSION = YES;
				CLANG_WARN_DIRECT_OBJC_ISA_USAGE = YES_ERROR;
				CLANG_WARN_DOCUMENTATION_COMMENTS = YES;
				CLANG_WARN_EMPTY_BODY = YES;
				CLANG_WARN_ENUM_CONVERSION = YES;
				CLANG_WARN_INFINITE_RECURSION = YES;
				CLANG_WARN_INT_CONVERSION = YES;
				CLANG_WARN_OBJC_ROOT_CLASS = YES_ERROR;
				CLANG_WARN_SUSPICIOUS_MOVE = YES;
				CLANG_WARN_SUSPICIOUS_MOVES = YES;
				CLANG_WARN_UNREACHABLE_CODE = YES;
				CLANG_WARN__DUPLICATE_METHOD_MATCH = YES;
				"CODE_SIGN_IDENTITY[sdk=iphoneos*]" = "iPhone Developer";
				COPY_PHASE_STRIP = NO;
				DEBUG_INFORMATION_FORMAT = "dwarf-with-dsym";
				ENABLE_NS_ASSERTIONS = NO;
				ENABLE_STRICT_OBJC_MSGSEND = YES;
				GCC_C_LANGUAGE_STANDARD = gnu99;
				GCC_NO_COMMON_BLOCKS = YES;
				GCC_WARN_64_TO_32_BIT_CONVERSION = YES;
				GCC_WARN_ABOUT_RETURN_TYPE = YES_ERROR;
				GCC_WARN_UNDECLARED_SELECTOR = YES;
				GCC_WARN_UNINITIALIZED_AUTOS = YES_AGGRESSIVE;
				GCC_WARN_UNUSED_FUNCTION = YES;
				GCC_WARN_UNUSED_VARIABLE = YES;
				IPHONEOS_DEPLOYMENT_TARGET = 10.0;
				MTL_ENABLE_DEBUG_INFO = NO;
				SDKROOT = iphoneos;
				SWIFT_OPTIMIZATION_LEVEL = "-Owholemodule";
				TARGETED_DEVICE_FAMILY = "1,2";
				VALIDATE_PRODUCT = YES;
			};
			name = Release;
		};
		78195E011DB3F5A200EAC28A /* Debug */ = {
			isa = XCBuildConfiguration;
			buildSettings = {
				ASSETCATALOG_COMPILER_APPICON_NAME = AppIcon;
				CLANG_ENABLE_MODULES = YES;
				DEVELOPMENT_TEAM = DEYT8Z7L38;
				INFOPLIST_FILE = "My Diary/Info.plist";
				LD_RUNPATH_SEARCH_PATHS = "$(inherited) @executable_path/Frameworks";
				PRODUCT_BUNDLE_IDENTIFIER = "me.thedan84.My-Diary";
				PRODUCT_NAME = "$(TARGET_NAME)";
				SWIFT_OBJC_BRIDGING_HEADER = "My Diary/My Diary-Bridging-Header.h";
				SWIFT_OPTIMIZATION_LEVEL = "-Onone";
				SWIFT_VERSION = 3.0;
			};
			name = Debug;
		};
		78195E021DB3F5A200EAC28A /* Release */ = {
			isa = XCBuildConfiguration;
			buildSettings = {
				ASSETCATALOG_COMPILER_APPICON_NAME = AppIcon;
				CLANG_ENABLE_MODULES = YES;
				DEVELOPMENT_TEAM = DEYT8Z7L38;
				INFOPLIST_FILE = "My Diary/Info.plist";
				LD_RUNPATH_SEARCH_PATHS = "$(inherited) @executable_path/Frameworks";
				PRODUCT_BUNDLE_IDENTIFIER = "me.thedan84.My-Diary";
				PRODUCT_NAME = "$(TARGET_NAME)";
				SWIFT_OBJC_BRIDGING_HEADER = "My Diary/My Diary-Bridging-Header.h";
				SWIFT_VERSION = 3.0;
			};
			name = Release;
		};
		78195E041DB3F5A200EAC28A /* Debug */ = {
			isa = XCBuildConfiguration;
			buildSettings = {
				ALWAYS_EMBED_SWIFT_STANDARD_LIBRARIES = YES;
				BUNDLE_LOADER = "$(TEST_HOST)";
				DEVELOPMENT_TEAM = DEYT8Z7L38;
				INFOPLIST_FILE = "My DiaryTests/Info.plist";
				LD_RUNPATH_SEARCH_PATHS = "$(inherited) @executable_path/Frameworks @loader_path/Frameworks";
				PRODUCT_BUNDLE_IDENTIFIER = "me.thedan84.My-DiaryTests";
				PRODUCT_NAME = "$(TARGET_NAME)";
				SWIFT_VERSION = 3.0;
				TEST_HOST = "$(BUILT_PRODUCTS_DIR)/My Diary.app/My Diary";
			};
			name = Debug;
		};
		78195E051DB3F5A200EAC28A /* Release */ = {
			isa = XCBuildConfiguration;
			buildSettings = {
				ALWAYS_EMBED_SWIFT_STANDARD_LIBRARIES = YES;
				BUNDLE_LOADER = "$(TEST_HOST)";
				DEVELOPMENT_TEAM = DEYT8Z7L38;
				INFOPLIST_FILE = "My DiaryTests/Info.plist";
				LD_RUNPATH_SEARCH_PATHS = "$(inherited) @executable_path/Frameworks @loader_path/Frameworks";
				PRODUCT_BUNDLE_IDENTIFIER = "me.thedan84.My-DiaryTests";
				PRODUCT_NAME = "$(TARGET_NAME)";
				SWIFT_VERSION = 3.0;
				TEST_HOST = "$(BUILT_PRODUCTS_DIR)/My Diary.app/My Diary";
			};
			name = Release;
		};
/* End XCBuildConfiguration section */

/* Begin XCConfigurationList section */
		78195DDB1DB3F5A200EAC28A /* Build configuration list for PBXProject "My Diary" */ = {
			isa = XCConfigurationList;
			buildConfigurations = (
				78195DFE1DB3F5A200EAC28A /* Debug */,
				78195DFF1DB3F5A200EAC28A /* Release */,
			);
			defaultConfigurationIsVisible = 0;
			defaultConfigurationName = Release;
		};
		78195E001DB3F5A200EAC28A /* Build configuration list for PBXNativeTarget "My Diary" */ = {
			isa = XCConfigurationList;
			buildConfigurations = (
				78195E011DB3F5A200EAC28A /* Debug */,
				78195E021DB3F5A200EAC28A /* Release */,
			);
			defaultConfigurationIsVisible = 0;
			defaultConfigurationName = Release;
		};
		78195E031DB3F5A200EAC28A /* Build configuration list for PBXNativeTarget "My DiaryTests" */ = {
			isa = XCConfigurationList;
			buildConfigurations = (
				78195E041DB3F5A200EAC28A /* Debug */,
				78195E051DB3F5A200EAC28A /* Release */,
			);
			defaultConfigurationIsVisible = 0;
			defaultConfigurationName = Release;
		};
/* End XCConfigurationList section */

/* Begin XCVersionGroup section */
		78195DEA1DB3F5A200EAC28A /* My_Diary.xcdatamodeld */ = {
			isa = XCVersionGroup;
			children = (
				78195DEB1DB3F5A200EAC28A /* My_Diary.xcdatamodel */,
			);
			currentVersion = 78195DEB1DB3F5A200EAC28A /* My_Diary.xcdatamodel */;
			path = My_Diary.xcdatamodeld;
			sourceTree = "<group>";
			versionGroupType = wrapper.xcdatamodel;
		};
/* End XCVersionGroup section */
	};
	rootObject = 78195DD81DB3F5A200EAC28A /* Project object */;
}
